// !$*UTF8*$!
{
	archiveVersion = 1;
	classes = {
	};
	objectVersion = 50;
	objects = {

/* Begin PBXBuildFile section */
		4E00C71C2234EDE80049F60F /* MemoListVC.swift in Sources */ = {isa = PBXBuildFile; fileRef = 4E00C71B2234EDE80049F60F /* MemoListVC.swift */; };
		4E00C71E2234EE190049F60F /* MemoFormVC.swift in Sources */ = {isa = PBXBuildFile; fileRef = 4E00C71D2234EE190049F60F /* MemoFormVC.swift */; };
		4E00C7202234EE2A0049F60F /* MemoReadVC.swift in Sources */ = {isa = PBXBuildFile; fileRef = 4E00C71F2234EE2A0049F60F /* MemoReadVC.swift */; };
		4E00C7222234EE810049F60F /* MemoCell.swift in Sources */ = {isa = PBXBuildFile; fileRef = 4E00C7212234EE810049F60F /* MemoCell.swift */; };
		4E00C7242235189B0049F60F /* MemoData.swift in Sources */ = {isa = PBXBuildFile; fileRef = 4E00C7232235189B0049F60F /* MemoData.swift */; };
		4E02BBDB223640EA00FC86A8 /* fountainpen@2x.png in Resources */ = {isa = PBXBuildFile; fileRef = 4E02BBDA223640EA00FC86A8 /* fountainpen@2x.png */; };
		4E18CCC922648A650091F9E0 /* CSLogButton.swift in Sources */ = {isa = PBXBuildFile; fileRef = 4E18CCC822648A650091F9E0 /* CSLogButton.swift */; };
		4E18CCCD2264A1B90091F9E0 /* button-bg.png in Resources */ = {isa = PBXBuildFile; fileRef = 4E18CCCA2264A1B80091F9E0 /* button-bg.png */; };
		4E18CCCE2264A1B90091F9E0 /* warning-icon-60@2x.png in Resources */ = {isa = PBXBuildFile; fileRef = 4E18CCCB2264A1B80091F9E0 /* warning-icon-60@2x.png */; };
		4E18CCCF2264A1B90091F9E0 /* memo-background@2x.png in Resources */ = {isa = PBXBuildFile; fileRef = 4E18CCCC2264A1B90091F9E0 /* memo-background@2x.png */; };
		4E8090C9223268C9001BFB40 /* AppDelegate.swift in Sources */ = {isa = PBXBuildFile; fileRef = 4E8090C8223268C9001BFB40 /* AppDelegate.swift */; };
		4E8090CE223268C9001BFB40 /* Main.storyboard in Resources */ = {isa = PBXBuildFile; fileRef = 4E8090CC223268C9001BFB40 /* Main.storyboard */; };
		4E8090D1223268C9001BFB40 /* MyMemory.xcdatamodeld in Sources */ = {isa = PBXBuildFile; fileRef = 4E8090CF223268C9001BFB40 /* MyMemory.xcdatamodeld */; };
		4E8090D3223268C9001BFB40 /* Assets.xcassets in Resources */ = {isa = PBXBuildFile; fileRef = 4E8090D2223268C9001BFB40 /* Assets.xcassets */; };
		4E8090D6223268C9001BFB40 /* LaunchScreen.storyboard in Resources */ = {isa = PBXBuildFile; fileRef = 4E8090D4223268C9001BFB40 /* LaunchScreen.storyboard */; };
/* End PBXBuildFile section */

/* Begin PBXFileReference section */
		4E00C71B2234EDE80049F60F /* MemoListVC.swift */ = {isa = PBXFileReference; lastKnownFileType = sourcecode.swift; path = MemoListVC.swift; sourceTree = "<group>"; };
		4E00C71D2234EE190049F60F /* MemoFormVC.swift */ = {isa = PBXFileReference; lastKnownFileType = sourcecode.swift; path = MemoFormVC.swift; sourceTree = "<group>"; };
		4E00C71F2234EE2A0049F60F /* MemoReadVC.swift */ = {isa = PBXFileReference; lastKnownFileType = sourcecode.swift; path = MemoReadVC.swift; sourceTree = "<group>"; };
		4E00C7212234EE810049F60F /* MemoCell.swift */ = {isa = PBXFileReference; lastKnownFileType = sourcecode.swift; path = MemoCell.swift; sourceTree = "<group>"; };
		4E00C7232235189B0049F60F /* MemoData.swift */ = {isa = PBXFileReference; lastKnownFileType = sourcecode.swift; path = MemoData.swift; sourceTree = "<group>"; };
		4E02BBDA223640EA00FC86A8 /* fountainpen@2x.png */ = {isa = PBXFileReference; lastKnownFileType = image.png; path = "fountainpen@2x.png"; sourceTree = "<group>"; };
		4E18CCC822648A650091F9E0 /* CSLogButton.swift */ = {isa = PBXFileReference; lastKnownFileType = sourcecode.swift; path = CSLogButton.swift; sourceTree = "<group>"; };
		4E18CCCA2264A1B80091F9E0 /* button-bg.png */ = {isa = PBXFileReference; lastKnownFileType = image.png; path = "button-bg.png"; sourceTree = "<group>"; };
		4E18CCCB2264A1B80091F9E0 /* warning-icon-60@2x.png */ = {isa = PBXFileReference; lastKnownFileType = image.png; path = "warning-icon-60@2x.png"; sourceTree = "<group>"; };
		4E18CCCC2264A1B90091F9E0 /* memo-background@2x.png */ = {isa = PBXFileReference; lastKnownFileType = image.png; path = "memo-background@2x.png"; sourceTree = "<group>"; };
		4E8090C5223268C9001BFB40 /* MyMemory.app */ = {isa = PBXFileReference; explicitFileType = wrapper.application; includeInIndex = 0; path = MyMemory.app; sourceTree = BUILT_PRODUCTS_DIR; };
		4E8090C8223268C9001BFB40 /* AppDelegate.swift */ = {isa = PBXFileReference; lastKnownFileType = sourcecode.swift; path = AppDelegate.swift; sourceTree = "<group>"; };
		4E8090CD223268C9001BFB40 /* Base */ = {isa = PBXFileReference; lastKnownFileType = file.storyboard; name = Base; path = Base.lproj/Main.storyboard; sourceTree = "<group>"; };
		4E8090D0223268C9001BFB40 /* MyMemory.xcdatamodel */ = {isa = PBXFileReference; lastKnownFileType = wrapper.xcdatamodel; path = MyMemory.xcdatamodel; sourceTree = "<group>"; };
		4E8090D2223268C9001BFB40 /* Assets.xcassets */ = {isa = PBXFileReference; lastKnownFileType = folder.assetcatalog; path = Assets.xcassets; sourceTree = "<group>"; };
		4E8090D5223268C9001BFB40 /* Base */ = {isa = PBXFileReference; lastKnownFileType = file.storyboard; name = Base; path = Base.lproj/LaunchScreen.storyboard; sourceTree = "<group>"; };
		4E8090D7223268C9001BFB40 /* Info.plist */ = {isa = PBXFileReference; lastKnownFileType = text.plist.xml; path = Info.plist; sourceTree = "<group>"; };
/* End PBXFileReference section */

/* Begin PBXFrameworksBuildPhase section */
		4E8090C2223268C9001BFB40 /* Frameworks */ = {
			isa = PBXFrameworksBuildPhase;
			buildActionMask = 2147483647;
			files = (
			);
			runOnlyForDeploymentPostprocessing = 0;
		};
/* End PBXFrameworksBuildPhase section */

/* Begin PBXGroup section */
		4E02BBD9223640CF00FC86A8 /* Resources */ = {
			isa = PBXGroup;
			children = (
				4E18CCCA2264A1B80091F9E0 /* button-bg.png */,
				4E18CCCC2264A1B90091F9E0 /* memo-background@2x.png */,
				4E18CCCB2264A1B80091F9E0 /* warning-icon-60@2x.png */,
				4E02BBDA223640EA00FC86A8 /* fountainpen@2x.png */,
			);
			name = Resources;
			path = MyMemory;
			sourceTree = "<group>";
		};
		4E8090BC223268C9001BFB40 = {
			isa = PBXGroup;
			children = (
				4E02BBD9223640CF00FC86A8 /* Resources */,
				4E8090C7223268C9001BFB40 /* MyMemory */,
				4E8090C6223268C9001BFB40 /* Products */,
			);
			sourceTree = "<group>";
		};
		4E8090C6223268C9001BFB40 /* Products */ = {
			isa = PBXGroup;
			children = (
				4E8090C5223268C9001BFB40 /* MyMemory.app */,
			);
			name = Products;
			sourceTree = "<group>";
		};
		4E8090C7223268C9001BFB40 /* MyMemory */ = {
			isa = PBXGroup;
			children = (
				4E8090C8223268C9001BFB40 /* AppDelegate.swift */,
				4E8090CC223268C9001BFB40 /* Main.storyboard */,
				4E00C7232235189B0049F60F /* MemoData.swift */,
				4E00C7212234EE810049F60F /* MemoCell.swift */,
				4E8090D2223268C9001BFB40 /* Assets.xcassets */,
				4E8090D4223268C9001BFB40 /* LaunchScreen.storyboard */,
				4E8090D7223268C9001BFB40 /* Info.plist */,
				4E8090CF223268C9001BFB40 /* MyMemory.xcdatamodeld */,
				4E00C71B2234EDE80049F60F /* MemoListVC.swift */,
				4E00C71D2234EE190049F60F /* MemoFormVC.swift */,
				4E00C71F2234EE2A0049F60F /* MemoReadVC.swift */,
				4E18CCC822648A650091F9E0 /* CSLogButton.swift */,
			);
			path = MyMemory;
			sourceTree = "<group>";
		};
/* End PBXGroup section */

/* Begin PBXNativeTarget section */
		4E8090C4223268C9001BFB40 /* MyMemory */ = {
			isa = PBXNativeTarget;
			buildConfigurationList = 4E8090DA223268C9001BFB40 /* Build configuration list for PBXNativeTarget "MyMemory" */;
			buildPhases = (
				4E8090C1223268C9001BFB40 /* Sources */,
				4E8090C2223268C9001BFB40 /* Frameworks */,
				4E8090C3223268C9001BFB40 /* Resources */,
			);
			buildRules = (
			);
			dependencies = (
			);
			name = MyMemory;
			productName = MyMemory;
			productReference = 4E8090C5223268C9001BFB40 /* MyMemory.app */;
			productType = "com.apple.product-type.application";
		};
/* End PBXNativeTarget section */

/* Begin PBXProject section */
		4E8090BD223268C9001BFB40 /* Project object */ = {
			isa = PBXProject;
			attributes = {
				LastSwiftUpdateCheck = 1010;
				LastUpgradeCheck = 1010;
				ORGANIZATIONNAME = "윤성호";
				TargetAttributes = {
					4E8090C4223268C9001BFB40 = {
						CreatedOnToolsVersion = 10.1;
					};
				};
			};
			buildConfigurationList = 4E8090C0223268C9001BFB40 /* Build configuration list for PBXProject "MyMemory" */;
			compatibilityVersion = "Xcode 9.3";
			developmentRegion = en;
			hasScannedForEncodings = 0;
			knownRegions = (
				en,
				Base,
			);
			mainGroup = 4E8090BC223268C9001BFB40;
			productRefGroup = 4E8090C6223268C9001BFB40 /* Products */;
			projectDirPath = "";
			projectRoot = "";
			targets = (
				4E8090C4223268C9001BFB40 /* MyMemory */,
			);
		};
/* End PBXProject section */

/* Begin PBXResourcesBuildPhase section */
		4E8090C3223268C9001BFB40 /* Resources */ = {
			isa = PBXResourcesBuildPhase;
			buildActionMask = 2147483647;
			files = (
				4E18CCCF2264A1B90091F9E0 /* memo-background@2x.png in Resources */,
				4E8090D6223268C9001BFB40 /* LaunchScreen.storyboard in Resources */,
				4E18CCCD2264A1B90091F9E0 /* button-bg.png in Resources */,
				4E8090D3223268C9001BFB40 /* Assets.xcassets in Resources */,
				4E02BBDB223640EA00FC86A8 /* fountainpen@2x.png in Resources */,
				4E18CCCE2264A1B90091F9E0 /* warning-icon-60@2x.png in Resources */,
				4E8090CE223268C9001BFB40 /* Main.storyboard in Resources */,
			);
			runOnlyForDeploymentPostprocessing = 0;
		};
/* End PBXResourcesBuildPhase section */

/* Begin PBXSourcesBuildPhase section */
		4E8090C1223268C9001BFB40 /* Sources */ = {
			isa = PBXSourcesBuildPhase;
			buildActionMask = 2147483647;
			files = (
				4E18CCC922648A650091F9E0 /* CSLogButton.swift in Sources */,
				4E00C71C2234EDE80049F60F /* MemoListVC.swift in Sources */,
				4E00C7202234EE2A0049F60F /* MemoReadVC.swift in Sources */,
				4E8090D1223268C9001BFB40 /* MyMemory.xcdatamodeld in Sources */,
				4E00C7242235189B0049F60F /* MemoData.swift in Sources */,
				4E00C71E2234EE190049F60F /* MemoFormVC.swift in Sources */,
				4E8090C9223268C9001BFB40 /* AppDelegate.swift in Sources */,
				4E00C7222234EE810049F60F /* MemoCell.swift in Sources */,
			);
			runOnlyForDeploymentPostprocessing = 0;
		};
/* End PBXSourcesBuildPhase section */

/* Begin PBXVariantGroup section */
		4E8090CC223268C9001BFB40 /* Main.storyboard */ = {
			isa = PBXVariantGroup;
			children = (
				4E8090CD223268C9001BFB40 /* Base */,
			);
			name = Main.storyboard;
			sourceTree = "<group>";
		};
		4E8090D4223268C9001BFB40 /* LaunchScreen.storyboard */ = {
			isa = PBXVariantGroup;
			children = (
				4E8090D5223268C9001BFB40 /* Base */,
			);
			name = LaunchScreen.storyboard;
			sourceTree = "<group>";
		};
/* End PBXVariantGroup section */

/* Begin XCBuildConfiguration section */
		4E8090D8223268C9001BFB40 /* Debug */ = {
			isa = XCBuildConfiguration;
			buildSettings = {
				ALWAYS_SEARCH_USER_PATHS = NO;
				CLANG_ANALYZER_NONNULL = YES;
				CLANG_ANALYZER_NUMBER_OBJECT_CONVERSION = YES_AGGRESSIVE;
				CLANG_CXX_LANGUAGE_STANDARD = "gnu++14";
				CLANG_CXX_LIBRARY = "libc++";
				CLANG_ENABLE_MODULES = YES;
				CLANG_ENABLE_OBJC_ARC = YES;
				CLANG_ENABLE_OBJC_WEAK = YES;
				CLANG_WARN_BLOCK_CAPTURE_AUTORELEASING = YES;
				CLANG_WARN_BOOL_CONVERSION = YES;
				CLANG_WARN_COMMA = YES;
				CLANG_WARN_CONSTANT_CONVERSION = YES;
				CLANG_WARN_DEPRECATED_OBJC_IMPLEMENTATIONS = YES;
				CLANG_WARN_DIRECT_OBJC_ISA_USAGE = YES_ERROR;
				CLANG_WARN_DOCUMENTATION_COMMENTS = YES;
				CLANG_WARN_EMPTY_BODY = YES;
				CLANG_WARN_ENUM_CONVERSION = YES;
				CLANG_WARN_INFINITE_RECURSION = YES;
				CLANG_WARN_INT_CONVERSION = YES;
				CLANG_WARN_NON_LITERAL_NULL_CONVERSION = YES;
				CLANG_WARN_OBJC_IMPLICIT_RETAIN_SELF = YES;
				CLANG_WARN_OBJC_LITERAL_CONVERSION = YES;
				CLANG_WARN_OBJC_ROOT_CLASS = YES_ERROR;
				CLANG_WARN_RANGE_LOOP_ANALYSIS = YES;
				CLANG_WARN_STRICT_PROTOTYPES = YES;
				CLANG_WARN_SUSPICIOUS_MOVE = YES;
				CLANG_WARN_UNGUARDED_AVAILABILITY = YES_AGGRESSIVE;
				CLANG_WARN_UNREACHABLE_CODE = YES;
				CLANG_WARN__DUPLICATE_METHOD_MATCH = YES;
				CODE_SIGN_IDENTITY = "iPhone Developer";
				COPY_PHASE_STRIP = NO;
				DEBUG_INFORMATION_FORMAT = dwarf;
				ENABLE_STRICT_OBJC_MSGSEND = YES;
				ENABLE_TESTABILITY = YES;
				GCC_C_LANGUAGE_STANDARD = gnu11;
				GCC_DYNAMIC_NO_PIC = NO;
				GCC_NO_COMMON_BLOCKS = YES;
				GCC_OPTIMIZATION_LEVEL = 0;
				GCC_PREPROCESSOR_DEFINITIONS = (
					"DEBUG=1",
					"$(inherited)",
				);
				GCC_WARN_64_TO_32_BIT_CONVERSION = YES;
				GCC_WARN_ABOUT_RETURN_TYPE = YES_ERROR;
				GCC_WARN_UNDECLARED_SELECTOR = YES;
				GCC_WARN_UNINITIALIZED_AUTOS = YES_AGGRESSIVE;
				GCC_WARN_UNUSED_FUNCTION = YES;
				GCC_WARN_UNUSED_VARIABLE = YES;
				IPHONEOS_DEPLOYMENT_TARGET = 12.1;
				MTL_ENABLE_DEBUG_INFO = INCLUDE_SOURCE;
				MTL_FAST_MATH = YES;
				ONLY_ACTIVE_ARCH = YES;
				SDKROOT = iphoneos;
				SWIFT_ACTIVE_COMPILATION_CONDITIONS = DEBUG;
				SWIFT_OPTIMIZATION_LEVEL = "-Onone";
			};
			name = Debug;
		};
		4E8090D9223268C9001BFB40 /* Release */ = {
			isa = XCBuildConfiguration;
			buildSettings = {
				ALWAYS_SEARCH_USER_PATHS = NO;
				CLANG_ANALYZER_NONNULL = YES;
				CLANG_ANALYZER_NUMBER_OBJECT_CONVERSION = YES_AGGRESSIVE;
				CLANG_CXX_LANGUAGE_STANDARD = "gnu++14";
				CLANG_CXX_LIBRARY = "libc++";
				CLANG_ENABLE_MODULES = YES;
				CLANG_ENABLE_OBJC_ARC = YES;
				CLANG_ENABLE_OBJC_WEAK = YES;
				CLANG_WARN_BLOCK_CAPTURE_AUTORELEASING = YES;
				CLANG_WARN_BOOL_CONVERSION = YES;
				CLANG_WARN_COMMA = YES;
				CLANG_WARN_CONSTANT_CONVERSION = YES;
				CLANG_WARN_DEPRECATED_OBJC_IMPLEMENTATIONS = YES;
				CLANG_WARN_DIRECT_OBJC_ISA_USAGE = YES_ERROR;
				CLANG_WARN_DOCUMENTATION_COMMENTS = YES;
				CLANG_WARN_EMPTY_BODY = YES;
				CLANG_WARN_ENUM_CONVERSION = YES;
				CLANG_WARN_INFINITE_RECURSION = YES;
				CLANG_WARN_INT_CONVERSION = YES;
				CLANG_WARN_NON_LITERAL_NULL_CONVERSION = YES;
				CLANG_WARN_OBJC_IMPLICIT_RETAIN_SELF = YES;
				CLANG_WARN_OBJC_LITERAL_CONVERSION = YES;
				CLANG_WARN_OBJC_ROOT_CLASS = YES_ERROR;
				CLANG_WARN_RANGE_LOOP_ANALYSIS = YES;
				CLANG_WARN_STRICT_PROTOTYPES = YES;
				CLANG_WARN_SUSPICIOUS_MOVE = YES;
				CLANG_WARN_UNGUARDED_AVAILABILITY = YES_AGGRESSIVE;
				CLANG_WARN_UNREACHABLE_CODE = YES;
				CLANG_WARN__DUPLICATE_METHOD_MATCH = YES;
				CODE_SIGN_IDENTITY = "iPhone Developer";
				COPY_PHASE_STRIP = NO;
				DEBUG_INFORMATION_FORMAT = "dwarf-with-dsym";
				ENABLE_NS_ASSERTIONS = NO;
				ENABLE_STRICT_OBJC_MSGSEND = YES;
				GCC_C_LANGUAGE_STANDARD = gnu11;
				GCC_NO_COMMON_BLOCKS = YES;
				GCC_WARN_64_TO_32_BIT_CONVERSION = YES;
				GCC_WARN_ABOUT_RETURN_TYPE = YES_ERROR;
				GCC_WARN_UNDECLARED_SELECTOR = YES;
				GCC_WARN_UNINITIALIZED_AUTOS = YES_AGGRESSIVE;
				GCC_WARN_UNUSED_FUNCTION = YES;
				GCC_WARN_UNUSED_VARIABLE = YES;
				IPHONEOS_DEPLOYMENT_TARGET = 12.1;
				MTL_ENABLE_DEBUG_INFO = NO;
				MTL_FAST_MATH = YES;
				SDKROOT = iphoneos;
				SWIFT_COMPILATION_MODE = wholemodule;
				SWIFT_OPTIMIZATION_LEVEL = "-O";
				VALIDATE_PRODUCT = YES;
			};
			name = Release;
		};
		4E8090DB223268C9001BFB40 /* Debug */ = {
			isa = XCBuildConfiguration;
			buildSettings = {
				ASSETCATALOG_COMPILER_APPICON_NAME = AppIcon;
				CODE_SIGN_STYLE = Automatic;
				INFOPLIST_FILE = MyMemory/Info.plist;
				LD_RUNPATH_SEARCH_PATHS = (
					"$(inherited)",
					"@executable_path/Frameworks",
				);
				PRODUCT_BUNDLE_IDENTIFIER = com.seongho.MyMemory;
				PRODUCT_NAME = "$(TARGET_NAME)";
				SWIFT_VERSION = 4.2;
				TARGETED_DEVICE_FAMILY = 1;
			};
			name = Debug;
		};
		4E8090DC223268C9001BFB40 /* Release */ = {
			isa = XCBuildConfiguration;
			buildSettings = {
				ASSETCATALOG_COMPILER_APPICON_NAME = AppIcon;
				CODE_SIGN_STYLE = Automatic;
				INFOPLIST_FILE = MyMemory/Info.plist;
				LD_RUNPATH_SEARCH_PATHS = (
					"$(inherited)",
					"@executable_path/Frameworks",
				);
				PRODUCT_BUNDLE_IDENTIFIER = com.seongho.MyMemory;
				PRODUCT_NAME = "$(TARGET_NAME)";
				SWIFT_VERSION = 4.2;
				TARGETED_DEVICE_FAMILY = 1;
			};
			name = Release;
		};
/* End XCBuildConfiguration section */

/* Begin XCConfigurationList section */
		4E8090C0223268C9001BFB40 /* Build configuration list for PBXProject "MyMemory" */ = {
			isa = XCConfigurationList;
			buildConfigurations = (
				4E8090D8223268C9001BFB40 /* Debug */,
				4E8090D9223268C9001BFB40 /* Release */,
			);
			defaultConfigurationIsVisible = 0;
			defaultConfigurationName = Release;
		};
		4E8090DA223268C9001BFB40 /* Build configuration list for PBXNativeTarget "MyMemory" */ = {
			isa = XCConfigurationList;
			buildConfigurations = (
				4E8090DB223268C9001BFB40 /* Debug */,
				4E8090DC223268C9001BFB40 /* Release */,
			);
			defaultConfigurationIsVisible = 0;
			defaultConfigurationName = Release;
		};
/* End XCConfigurationList section */

/* Begin XCVersionGroup section */
		4E8090CF223268C9001BFB40 /* MyMemory.xcdatamodeld */ = {
			isa = XCVersionGroup;
			children = (
				4E8090D0223268C9001BFB40 /* MyMemory.xcdatamodel */,
			);
			currentVersion = 4E8090D0223268C9001BFB40 /* MyMemory.xcdatamodel */;
			path = MyMemory.xcdatamodeld;
			sourceTree = "<group>";
			versionGroupType = wrapper.xcdatamodel;
		};
/* End XCVersionGroup section */
	};
	rootObject = 4E8090BD223268C9001BFB40 /* Project object */;
}
